
Microsoft Visual Studio Solution File, Format Version 12.00
# Visual Studio Version 17
VisualStudioVersion = 17.13.35931.197 d17.13
MinimumVisualStudioVersion = 10.0.40219.1
Project("{FAE04EC0-301F-11D3-BF4B-00C04F79EFBC}") = "CloudflarePresignedUrl", "CloudflarePresignedUrl\CloudflarePresignedUrl.csproj", "{6D2E4087-5840-4C4C-B91C-5ADE73B91FD1}"
EndProject
Global
	GlobalSection(SolutionConfigurationPlatforms) = preSolution
		Debug|Any CPU = Debug|Any CPU
		Release|Any CPU = Release|Any CPU
	EndGlobalSection
	GlobalSection(ProjectConfigurationPlatforms) = postSolution
		{6D2E4087-5840-4C4C-B91C-5ADE73B91FD1}.Debug|Any CPU.ActiveCfg = Debug|Any CPU
		{6D2E4087-5840-4C4C-B91C-5ADE73B91FD1}.Debug|Any CPU.Build.0 = Debug|Any CPU
		{6D2E4087-5840-4C4C-B91C-5ADE73B91FD1}.Release|Any CPU.ActiveCfg = Release|Any CPU
		{6D2E4087-5840-4C4C-B91C-5ADE73B91FD1}.Release|Any CPU.Build.0 = Release|Any CPU
	EndGlobalSection
	GlobalSection(SolutionProperties) = preSolution
		HideSolutionNode = FALSE
	EndGlobalSection
	GlobalSection(ExtensibilityGlobals) = postSolution
		SolutionGuid = {7196B2F2-6A22-4B04-B14A-DFA4A947E04F}
	EndGlobalSection
EndGlobal
